
Microsoft Visual Studio Solution File, Format Version 12.00
# Visual Studio 15
VisualStudioVersion = 15.0.27703.2026
MinimumVisualStudioVersion = 10.0.40219.1
Project("{2150E333-8FDC-42A3-9474-1A3956D46DE8}") = "web", "web", "{5CABEB95-ED40-4EB0-80DB-3E7AF179DF88}"
EndProject
Project("{FAE04EC0-301F-11D3-BF4B-00C04F79EFBC}") = "Sales", "Sales\Sales.csproj", "{4C2386BC-F1D2-4BAD-89E6-73CB61D796E9}"
EndProject
Project("{FAE04EC0-301F-11D3-BF4B-00C04F79EFBC}") = "modelo", "ClassLibrary1\modelo.csproj", "{A2D04336-FBAD-485A-9F04-7D3F865B45FE}"
EndProject
Global
	GlobalSection(SolutionConfigurationPlatforms) = preSolution
		Debug|Any CPU = Debug|Any CPU
		Release|Any CPU = Release|Any CPU
	EndGlobalSection
	GlobalSection(ProjectConfigurationPlatforms) = postSolution
		{4C2386BC-F1D2-4BAD-89E6-73CB61D796E9}.Debug|Any CPU.ActiveCfg = Debug|Any CPU
		{4C2386BC-F1D2-4BAD-89E6-73CB61D796E9}.Debug|Any CPU.Build.0 = Debug|Any CPU
		{4C2386BC-F1D2-4BAD-89E6-73CB61D796E9}.Release|Any CPU.ActiveCfg = Release|Any CPU
		{4C2386BC-F1D2-4BAD-89E6-73CB61D796E9}.Release|Any CPU.Build.0 = Release|Any CPU
		{A2D04336-FBAD-485A-9F04-7D3F865B45FE}.Debug|Any CPU.ActiveCfg = Debug|Any CPU
		{A2D04336-FBAD-485A-9F04-7D3F865B45FE}.Debug|Any CPU.Build.0 = Debug|Any CPU
		{A2D04336-FBAD-485A-9F04-7D3F865B45FE}.Release|Any CPU.ActiveCfg = Release|Any CPU
		{A2D04336-FBAD-485A-9F04-7D3F865B45FE}.Release|Any CPU.Build.0 = Release|Any CPU
	EndGlobalSection
	GlobalSection(SolutionProperties) = preSolution
		HideSolutionNode = FALSE
	EndGlobalSection
	GlobalSection(NestedProjects) = preSolution
		{4C2386BC-F1D2-4BAD-89E6-73CB61D796E9} = {5CABEB95-ED40-4EB0-80DB-3E7AF179DF88}
		{A2D04336-FBAD-485A-9F04-7D3F865B45FE} = {5CABEB95-ED40-4EB0-80DB-3E7AF179DF88}
	EndGlobalSection
	GlobalSection(ExtensibilityGlobals) = postSolution
		SolutionGuid = {25ED9FDA-8C07-4861-8B15-9D78DB0274AB}
	EndGlobalSection
EndGlobal
